
Microsoft Visual Studio Solution File, Format Version 12.00
# Visual Studio 15
VisualStudioVersion = 15.0.28307.539
MinimumVisualStudioVersion = 10.0.40219.1
Project("{888888A0-9F3D-457C-B088-3A5042F75D52}") = "neural_network_ver1", "neural_network_ver1\neural_network_ver1.pyproj", "{9F763084-49C8-4174-BC98-496C8C4594E0}"
EndProject
Global
	GlobalSection(SolutionConfigurationPlatforms) = preSolution
		Debug|Any CPU = Debug|Any CPU
		Release|Any CPU = Release|Any CPU
	EndGlobalSection
	GlobalSection(ProjectConfigurationPlatforms) = postSolution
		{9F763084-49C8-4174-BC98-496C8C4594E0}.Debug|Any CPU.ActiveCfg = Debug|Any CPU
		{9F763084-49C8-4174-BC98-496C8C4594E0}.Release|Any CPU.ActiveCfg = Release|Any CPU
	EndGlobalSection
	GlobalSection(SolutionProperties) = preSolution
		HideSolutionNode = FALSE
	EndGlobalSection
	GlobalSection(ExtensibilityGlobals) = postSolution
		SolutionGuid = {83B5DD18-FF74-4D33-9B5F-34D5159A3F73}
	EndGlobalSection
EndGlobal
